
Microsoft Visual Studio Solution File, Format Version 12.00
# Visual Studio Version 17
VisualStudioVersion = 17.14.36623.8 d17.14
MinimumVisualStudioVersion = 10.0.40219.1
Project("{FAE04EC0-301F-11D3-BF4B-00C04F79EFBC}") = "MVC_UI_Templates", "MVC_UI_Templates\MVC_UI_Templates.csproj", "{5AE5DA48-DFF9-4098-8A73-FAA4573C7591}"
EndProject
Global
	GlobalSection(SolutionConfigurationPlatforms) = preSolution
		Debug|Any CPU = Debug|Any CPU
		Release|Any CPU = Release|Any CPU
	EndGlobalSection
	GlobalSection(ProjectConfigurationPlatforms) = postSolution
		{5AE5DA48-DFF9-4098-8A73-FAA4573C7591}.Debug|Any CPU.ActiveCfg = Debug|Any CPU
		{5AE5DA48-DFF9-4098-8A73-FAA4573C7591}.Debug|Any CPU.Build.0 = Debug|Any CPU
		{5AE5DA48-DFF9-4098-8A73-FAA4573C7591}.Release|Any CPU.ActiveCfg = Release|Any CPU
		{5AE5DA48-DFF9-4098-8A73-FAA4573C7591}.Release|Any CPU.Build.0 = Release|Any CPU
	EndGlobalSection
	GlobalSection(SolutionProperties) = preSolution
		HideSolutionNode = FALSE
	EndGlobalSection
	GlobalSection(ExtensibilityGlobals) = postSolution
		SolutionGuid = {CEB1F70F-D21B-47AE-A65A-0CFA92F9ABAE}
	EndGlobalSection
EndGlobal
